// !$*UTF8*$!
{
	archiveVersion = 1;
	classes = {
	};
	objectVersion = 50;
	objects = {

/* Begin PBXBuildFile section */
		932013E3228CAC300012E0EC /* PhotoTableViewCell.swift in Sources */ = {isa = PBXBuildFile; fileRef = 932013E2228CAC300012E0EC /* PhotoTableViewCell.swift */; };
		932013E5228CAC510012E0EC /* PhotosTableViewController.swift in Sources */ = {isa = PBXBuildFile; fileRef = 932013E4228CAC510012E0EC /* PhotosTableViewController.swift */; };
		935DC491228B76C000A7E175 /* AppDelegate.swift in Sources */ = {isa = PBXBuildFile; fileRef = 935DC490228B76C000A7E175 /* AppDelegate.swift */; };
		935DC496228B76C000A7E175 /* Main.storyboard in Resources */ = {isa = PBXBuildFile; fileRef = 935DC494228B76C000A7E175 /* Main.storyboard */; };
		935DC499228B76C000A7E175 /* Walk.xcdatamodeld in Sources */ = {isa = PBXBuildFile; fileRef = 935DC497228B76C000A7E175 /* Walk.xcdatamodeld */; };
		935DC49B228B76C100A7E175 /* Assets.xcassets in Resources */ = {isa = PBXBuildFile; fileRef = 935DC49A228B76C100A7E175 /* Assets.xcassets */; };
		935DC49E228B76C100A7E175 /* LaunchScreen.storyboard in Resources */ = {isa = PBXBuildFile; fileRef = 935DC49C228B76C100A7E175 /* LaunchScreen.storyboard */; };
/* End PBXBuildFile section */

/* Begin PBXFileReference section */
		932013E2228CAC300012E0EC /* PhotoTableViewCell.swift */ = {isa = PBXFileReference; lastKnownFileType = sourcecode.swift; path = PhotoTableViewCell.swift; sourceTree = "<group>"; };
		932013E4228CAC510012E0EC /* PhotosTableViewController.swift */ = {isa = PBXFileReference; lastKnownFileType = sourcecode.swift; path = PhotosTableViewController.swift; sourceTree = "<group>"; };
		935DC48D228B76C000A7E175 /* Walk.app */ = {isa = PBXFileReference; explicitFileType = wrapper.application; includeInIndex = 0; path = Walk.app; sourceTree = BUILT_PRODUCTS_DIR; };
		935DC490228B76C000A7E175 /* AppDelegate.swift */ = {isa = PBXFileReference; lastKnownFileType = sourcecode.swift; path = AppDelegate.swift; sourceTree = "<group>"; };
		935DC495228B76C000A7E175 /* Base */ = {isa = PBXFileReference; lastKnownFileType = file.storyboard; name = Base; path = Base.lproj/Main.storyboard; sourceTree = "<group>"; };
		935DC498228B76C000A7E175 /* Walk.xcdatamodel */ = {isa = PBXFileReference; lastKnownFileType = wrapper.xcdatamodel; path = Walk.xcdatamodel; sourceTree = "<group>"; };
		935DC49A228B76C100A7E175 /* Assets.xcassets */ = {isa = PBXFileReference; lastKnownFileType = folder.assetcatalog; path = Assets.xcassets; sourceTree = "<group>"; };
		935DC49D228B76C100A7E175 /* Base */ = {isa = PBXFileReference; lastKnownFileType = file.storyboard; name = Base; path = Base.lproj/LaunchScreen.storyboard; sourceTree = "<group>"; };
		935DC49F228B76C100A7E175 /* Info.plist */ = {isa = PBXFileReference; lastKnownFileType = text.plist.xml; path = Info.plist; sourceTree = "<group>"; };
/* End PBXFileReference section */

/* Begin PBXFrameworksBuildPhase section */
		935DC48A228B76C000A7E175 /* Frameworks */ = {
			isa = PBXFrameworksBuildPhase;
			buildActionMask = 2147483647;
			files = (
			);
			runOnlyForDeploymentPostprocessing = 0;
		};
/* End PBXFrameworksBuildPhase section */

/* Begin PBXGroup section */
		935DC484228B76C000A7E175 = {
			isa = PBXGroup;
			children = (
				935DC48F228B76C000A7E175 /* Walk */,
				935DC48E228B76C000A7E175 /* Products */,
			);
			sourceTree = "<group>";
		};
		935DC48E228B76C000A7E175 /* Products */ = {
			isa = PBXGroup;
			children = (
				935DC48D228B76C000A7E175 /* Walk.app */,
			);
			name = Products;
			sourceTree = "<group>";
		};
		935DC48F228B76C000A7E175 /* Walk */ = {
			isa = PBXGroup;
			children = (
				935DC490228B76C000A7E175 /* AppDelegate.swift */,
				932013E2228CAC300012E0EC /* PhotoTableViewCell.swift */,
				932013E4228CAC510012E0EC /* PhotosTableViewController.swift */,
				935DC494228B76C000A7E175 /* Main.storyboard */,
				935DC49C228B76C100A7E175 /* LaunchScreen.storyboard */,
				935DC49A228B76C100A7E175 /* Assets.xcassets */,
				935DC49F228B76C100A7E175 /* Info.plist */,
				935DC497228B76C000A7E175 /* Walk.xcdatamodeld */,
			);
			path = Walk;
			sourceTree = "<group>";
		};
/* End PBXGroup section */

/* Begin PBXNativeTarget section */
		935DC48C228B76C000A7E175 /* Walk */ = {
			isa = PBXNativeTarget;
			buildConfigurationList = 935DC4A2228B76C100A7E175 /* Build configuration list for PBXNativeTarget "Walk" */;
			buildPhases = (
				935DC489228B76C000A7E175 /* Sources */,
				935DC48A228B76C000A7E175 /* Frameworks */,
				935DC48B228B76C000A7E175 /* Resources */,
			);
			buildRules = (
			);
			dependencies = (
			);
			name = Walk;
			productName = Walk;
			productReference = 935DC48D228B76C000A7E175 /* Walk.app */;
			productType = "com.apple.product-type.application";
		};
/* End PBXNativeTarget section */

/* Begin PBXProject section */
		935DC485228B76C000A7E175 /* Project object */ = {
			isa = PBXProject;
			attributes = {
				LastSwiftUpdateCheck = 1020;
				LastUpgradeCheck = 1020;
				ORGANIZATIONNAME = "Paweł Gajewski";
				TargetAttributes = {
					935DC48C228B76C000A7E175 = {
						CreatedOnToolsVersion = 10.2.1;
					};
				};
			};
			buildConfigurationList = 935DC488228B76C000A7E175 /* Build configuration list for PBXProject "Walk" */;
			compatibilityVersion = "Xcode 9.3";
			developmentRegion = en;
			hasScannedForEncodings = 0;
			knownRegions = (
				en,
				Base,
			);
			mainGroup = 935DC484228B76C000A7E175;
			productRefGroup = 935DC48E228B76C000A7E175 /* Products */;
			projectDirPath = "";
			projectRoot = "";
			targets = (
				935DC48C228B76C000A7E175 /* Walk */,
			);
		};
/* End PBXProject section */

/* Begin PBXResourcesBuildPhase section */
		935DC48B228B76C000A7E175 /* Resources */ = {
			isa = PBXResourcesBuildPhase;
			buildActionMask = 2147483647;
			files = (
				935DC49E228B76C100A7E175 /* LaunchScreen.storyboard in Resources */,
				935DC49B228B76C100A7E175 /* Assets.xcassets in Resources */,
				935DC496228B76C000A7E175 /* Main.storyboard in Resources */,
			);
			runOnlyForDeploymentPostprocessing = 0;
		};
/* End PBXResourcesBuildPhase section */

/* Begin PBXSourcesBuildPhase section */
		935DC489228B76C000A7E175 /* Sources */ = {
			isa = PBXSourcesBuildPhase;
			buildActionMask = 2147483647;
			files = (
				932013E3228CAC300012E0EC /* PhotoTableViewCell.swift in Sources */,
				935DC499228B76C000A7E175 /* Walk.xcdatamodeld in Sources */,
				932013E5228CAC510012E0EC /* PhotosTableViewController.swift in Sources */,
				935DC491228B76C000A7E175 /* AppDelegate.swift in Sources */,
			);
			runOnlyForDeploymentPostprocessing = 0;
		};
/* End PBXSourcesBuildPhase section */

/* Begin PBXVariantGroup section */
		935DC494228B76C000A7E175 /* Main.storyboard */ = {
			isa = PBXVariantGroup;
			children = (
				935DC495228B76C000A7E175 /* Base */,
			);
			name = Main.storyboard;
			sourceTree = "<group>";
		};
		935DC49C228B76C100A7E175 /* LaunchScreen.storyboard */ = {
			isa = PBXVariantGroup;
			children = (
				935DC49D228B76C100A7E175 /* Base */,
			);
			name = LaunchScreen.storyboard;
			sourceTree = "<group>";
		};
/* End PBXVariantGroup section */

/* Begin XCBuildConfiguration section */
		935DC4A0228B76C100A7E175 /* Debug */ = {
			isa = XCBuildConfiguration;
			buildSettings = {
				ALWAYS_SEARCH_USER_PATHS = NO;
				CLANG_ANALYZER_NONNULL = YES;
				CLANG_ANALYZER_NUMBER_OBJECT_CONVERSION = YES_AGGRESSIVE;
				CLANG_CXX_LANGUAGE_STANDARD = "gnu++14";
				CLANG_CXX_LIBRARY = "libc++";
				CLANG_ENABLE_MODULES = YES;
				CLANG_ENABLE_OBJC_ARC = YES;
				CLANG_ENABLE_OBJC_WEAK = YES;
				CLANG_WARN_BLOCK_CAPTURE_AUTORELEASING = YES;
				CLANG_WARN_BOOL_CONVERSION = YES;
				CLANG_WARN_COMMA = YES;
				CLANG_WARN_CONSTANT_CONVERSION = YES;
				CLANG_WARN_DEPRECATED_OBJC_IMPLEMENTATIONS = YES;
				CLANG_WARN_DIRECT_OBJC_ISA_USAGE = YES_ERROR;
				CLANG_WARN_DOCUMENTATION_COMMENTS = YES;
				CLANG_WARN_EMPTY_BODY = YES;
				CLANG_WARN_ENUM_CONVERSION = YES;
				CLANG_WARN_INFINITE_RECURSION = YES;
				CLANG_WARN_INT_CONVERSION = YES;
				CLANG_WARN_NON_LITERAL_NULL_CONVERSION = YES;
				CLANG_WARN_OBJC_IMPLICIT_RETAIN_SELF = YES;
				CLANG_WARN_OBJC_LITERAL_CONVERSION = YES;
				CLANG_WARN_OBJC_ROOT_CLASS = YES_ERROR;
				CLANG_WARN_RANGE_LOOP_ANALYSIS = YES;
				CLANG_WARN_STRICT_PROTOTYPES = YES;
				CLANG_WARN_SUSPICIOUS_MOVE = YES;
				CLANG_WARN_UNGUARDED_AVAILABILITY = YES_AGGRESSIVE;
				CLANG_WARN_UNREACHABLE_CODE = YES;
				CLANG_WARN__DUPLICATE_METHOD_MATCH = YES;
				CODE_SIGN_IDENTITY = "iPhone Developer";
				COPY_PHASE_STRIP = NO;
				DEBUG_INFORMATION_FORMAT = dwarf;
				ENABLE_STRICT_OBJC_MSGSEND = YES;
				ENABLE_TESTABILITY = YES;
				GCC_C_LANGUAGE_STANDARD = gnu11;
				GCC_DYNAMIC_NO_PIC = NO;
				GCC_NO_COMMON_BLOCKS = YES;
				GCC_OPTIMIZATION_LEVEL = 0;
				GCC_PREPROCESSOR_DEFINITIONS = (
					"DEBUG=1",
					"$(inherited)",
				);
				GCC_WARN_64_TO_32_BIT_CONVERSION = YES;
				GCC_WARN_ABOUT_RETURN_TYPE = YES_ERROR;
				GCC_WARN_UNDECLARED_SELECTOR = YES;
				GCC_WARN_UNINITIALIZED_AUTOS = YES_AGGRESSIVE;
				GCC_WARN_UNUSED_FUNCTION = YES;
				GCC_WARN_UNUSED_VARIABLE = YES;
				IPHONEOS_DEPLOYMENT_TARGET = 12.2;
				MTL_ENABLE_DEBUG_INFO = INCLUDE_SOURCE;
				MTL_FAST_MATH = YES;
				ONLY_ACTIVE_ARCH = YES;
				SDKROOT = iphoneos;
				SWIFT_ACTIVE_COMPILATION_CONDITIONS = DEBUG;
				SWIFT_OPTIMIZATION_LEVEL = "-Onone";
			};
			name = Debug;
		};
		935DC4A1228B76C100A7E175 /* Release */ = {
			isa = XCBuildConfiguration;
			buildSettings = {
				ALWAYS_SEARCH_USER_PATHS = NO;
				CLANG_ANALYZER_NONNULL = YES;
				CLANG_ANALYZER_NUMBER_OBJECT_CONVERSION = YES_AGGRESSIVE;
				CLANG_CXX_LANGUAGE_STANDARD = "gnu++14";
				CLANG_CXX_LIBRARY = "libc++";
				CLANG_ENABLE_MODULES = YES;
				CLANG_ENABLE_OBJC_ARC = YES;
				CLANG_ENABLE_OBJC_WEAK = YES;
				CLANG_WARN_BLOCK_CAPTURE_AUTORELEASING = YES;
				CLANG_WARN_BOOL_CONVERSION = YES;
				CLANG_WARN_COMMA = YES;
				CLANG_WARN_CONSTANT_CONVERSION = YES;
				CLANG_WARN_DEPRECATED_OBJC_IMPLEMENTATIONS = YES;
				CLANG_WARN_DIRECT_OBJC_ISA_USAGE = YES_ERROR;
				CLANG_WARN_DOCUMENTATION_COMMENTS = YES;
				CLANG_WARN_EMPTY_BODY = YES;
				CLANG_WARN_ENUM_CONVERSION = YES;
				CLANG_WARN_INFINITE_RECURSION = YES;
				CLANG_WARN_INT_CONVERSION = YES;
				CLANG_WARN_NON_LITERAL_NULL_CONVERSION = YES;
				CLANG_WARN_OBJC_IMPLICIT_RETAIN_SELF = YES;
				CLANG_WARN_OBJC_LITERAL_CONVERSION = YES;
				CLANG_WARN_OBJC_ROOT_CLASS = YES_ERROR;
				CLANG_WARN_RANGE_LOOP_ANALYSIS = YES;
				CLANG_WARN_STRICT_PROTOTYPES = YES;
				CLANG_WARN_SUSPICIOUS_MOVE = YES;
				CLANG_WARN_UNGUARDED_AVAILABILITY = YES_AGGRESSIVE;
				CLANG_WARN_UNREACHABLE_CODE = YES;
				CLANG_WARN__DUPLICATE_METHOD_MATCH = YES;
				CODE_SIGN_IDENTITY = "iPhone Developer";
				COPY_PHASE_STRIP = NO;
				DEBUG_INFORMATION_FORMAT = "dwarf-with-dsym";
				ENABLE_NS_ASSERTIONS = NO;
				ENABLE_STRICT_OBJC_MSGSEND = YES;
				GCC_C_LANGUAGE_STANDARD = gnu11;
				GCC_NO_COMMON_BLOCKS = YES;
				GCC_WARN_64_TO_32_BIT_CONVERSION = YES;
				GCC_WARN_ABOUT_RETURN_TYPE = YES_ERROR;
				GCC_WARN_UNDECLARED_SELECTOR = YES;
				GCC_WARN_UNINITIALIZED_AUTOS = YES_AGGRESSIVE;
				GCC_WARN_UNUSED_FUNCTION = YES;
				GCC_WARN_UNUSED_VARIABLE = YES;
				IPHONEOS_DEPLOYMENT_TARGET = 12.2;
				MTL_ENABLE_DEBUG_INFO = NO;
				MTL_FAST_MATH = YES;
				SDKROOT = iphoneos;
				SWIFT_COMPILATION_MODE = wholemodule;
				SWIFT_OPTIMIZATION_LEVEL = "-O";
				VALIDATE_PRODUCT = YES;
			};
			name = Release;
		};
		935DC4A3228B76C100A7E175 /* Debug */ = {
			isa = XCBuildConfiguration;
			buildSettings = {
				ASSETCATALOG_COMPILER_APPICON_NAME = AppIcon;
				CODE_SIGN_STYLE = Automatic;
				DEVELOPMENT_TEAM = KLGR97W8GC;
				INFOPLIST_FILE = Walk/Info.plist;
				LD_RUNPATH_SEARCH_PATHS = (
					"$(inherited)",
					"@executable_path/Frameworks",
				);
				PRODUCT_BUNDLE_IDENTIFIER = io.github.lubiluk.Walk;
				PRODUCT_NAME = "$(TARGET_NAME)";
				SWIFT_VERSION = 5.0;
				TARGETED_DEVICE_FAMILY = 1;
			};
			name = Debug;
		};
		935DC4A4228B76C100A7E175 /* Release */ = {
			isa = XCBuildConfiguration;
			buildSettings = {
				ASSETCATALOG_COMPILER_APPICON_NAME = AppIcon;
				CODE_SIGN_STYLE = Automatic;
				DEVELOPMENT_TEAM = KLGR97W8GC;
				INFOPLIST_FILE = Walk/Info.plist;
				LD_RUNPATH_SEARCH_PATHS = (
					"$(inherited)",
					"@executable_path/Frameworks",
				);
				PRODUCT_BUNDLE_IDENTIFIER = io.github.lubiluk.Walk;
				PRODUCT_NAME = "$(TARGET_NAME)";
				SWIFT_VERSION = 5.0;
				TARGETED_DEVICE_FAMILY = 1;
			};
			name = Release;
		};
/* End XCBuildConfiguration section */

/* Begin XCConfigurationList section */
		935DC488228B76C000A7E175 /* Build configuration list for PBXProject "Walk" */ = {
			isa = XCConfigurationList;
			buildConfigurations = (
				935DC4A0228B76C100A7E175 /* Debug */,
				935DC4A1228B76C100A7E175 /* Release */,
			);
			defaultConfigurationIsVisible = 0;
			defaultConfigurationName = Release;
		};
		935DC4A2228B76C100A7E175 /* Build configuration list for PBXNativeTarget "Walk" */ = {
			isa = XCConfigurationList;
			buildConfigurations = (
				935DC4A3228B76C100A7E175 /* Debug */,
				935DC4A4228B76C100A7E175 /* Release */,
			);
			defaultConfigurationIsVisible = 0;
			defaultConfigurationName = Release;
		};
/* End XCConfigurationList section */

/* Begin XCVersionGroup section */
		935DC497228B76C000A7E175 /* Walk.xcdatamodeld */ = {
			isa = XCVersionGroup;
			children = (
				935DC498228B76C000A7E175 /* Walk.xcdatamodel */,
			);
			currentVersion = 935DC498228B76C000A7E175 /* Walk.xcdatamodel */;
			path = Walk.xcdatamodeld;
			sourceTree = "<group>";
			versionGroupType = wrapper.xcdatamodel;
		};
/* End XCVersionGroup section */
	};
	rootObject = 935DC485228B76C000A7E175 /* Project object */;
}
